// !$*UTF8*$!
{
	archiveVersion = 1;
	classes = {
	};
	objectVersion = 46;
	objects = {

/* Begin PBXBuildFile section */
		0A0375371D629A58002059D8 /* main.m in Sources */ = {isa = PBXBuildFile; fileRef = 0A0375361D629A58002059D8 /* main.m */; };
		0A03753A1D629A58002059D8 /* AppDelegate.m in Sources */ = {isa = PBXBuildFile; fileRef = 0A0375391D629A58002059D8 /* AppDelegate.m */; };
		0A03753D1D629A58002059D8 /* GameScene.m in Sources */ = {isa = PBXBuildFile; fileRef = 0A03753C1D629A58002059D8 /* GameScene.m */; };
		0A03753F1D629A58002059D8 /* GameScene.sks in Resources */ = {isa = PBXBuildFile; fileRef = 0A03753E1D629A58002059D8 /* GameScene.sks */; };
		0A0375421D629A58002059D8 /* GameViewController.m in Sources */ = {isa = PBXBuildFile; fileRef = 0A0375411D629A58002059D8 /* GameViewController.m */; };
		0A0375451D629A58002059D8 /* Main.storyboard in Resources */ = {isa = PBXBuildFile; fileRef = 0A0375431D629A58002059D8 /* Main.storyboard */; };
		0A0375471D629A58002059D8 /* Assets.xcassets in Resources */ = {isa = PBXBuildFile; fileRef = 0A0375461D629A58002059D8 /* Assets.xcassets */; };
		0A03754A1D629A58002059D8 /* LaunchScreen.storyboard in Resources */ = {isa = PBXBuildFile; fileRef = 0A0375481D629A58002059D8 /* LaunchScreen.storyboard */; };
		0A99372A1D64FA4A00451749 /* Gallop.atlas in Resources */ = {isa = PBXBuildFile; fileRef = 0A9937291D64FA4A00451749 /* Gallop.atlas */; };
		0A9937321D6520A500451749 /* GallopShadow.atlas in Resources */ = {isa = PBXBuildFile; fileRef = 0A9937311D6520A500451749 /* GallopShadow.atlas */; };
		0A9937471D6525E400451749 /* BasicAnimatedNode.m in Sources */ = {isa = PBXBuildFile; fileRef = 0A9937461D6525E400451749 /* BasicAnimatedNode.m */; };
		0A99374B1D65264D00451749 /* Horse.m in Sources */ = {isa = PBXBuildFile; fileRef = 0A99374A1D65264D00451749 /* Horse.m */; };
		0A99374E1D65265A00451749 /* Human.m in Sources */ = {isa = PBXBuildFile; fileRef = 0A99374D1D65265A00451749 /* Human.m */; };
		0A9937511D65266300451749 /* Shadow.m in Sources */ = {isa = PBXBuildFile; fileRef = 0A9937501D65266300451749 /* Shadow.m */; };
		0A9937541D65268200451749 /* Unit.m in Sources */ = {isa = PBXBuildFile; fileRef = 0A9937531D65268200451749 /* Unit.m */; };
		0A9937571D65271100451749 /* MountedHero.m in Sources */ = {isa = PBXBuildFile; fileRef = 0A9937561D65271100451749 /* MountedHero.m */; };
		0A99375A1D653CAD00451749 /* UnitAnimator.m in Sources */ = {isa = PBXBuildFile; fileRef = 0A9937591D653CAD00451749 /* UnitAnimator.m */; };
		0A99375D1D65681100451749 /* Blank.png in Resources */ = {isa = PBXBuildFile; fileRef = 0A99375C1D65681100451749 /* Blank.png */; };
		0A9937611D657F4300451749 /* GallopLeft.atlas in Resources */ = {isa = PBXBuildFile; fileRef = 0A9937601D657F4300451749 /* GallopLeft.atlas */; };
		0A9937651D65811B00451749 /* GallopRight.atlas in Resources */ = {isa = PBXBuildFile; fileRef = 0A9937641D65811B00451749 /* GallopRight.atlas */; };
		0A9937681D658FC400451749 /* UnitInitializer.m in Sources */ = {isa = PBXBuildFile; fileRef = 0A9937671D658FC400451749 /* UnitInitializer.m */; };
		0A99376C1D65954400451749 /* LaneView.m in Sources */ = {isa = PBXBuildFile; fileRef = 0A99376B1D65954400451749 /* LaneView.m */; };
		0A9937721D66CA3800451749 /* HeroRide.atlas in Resources */ = {isa = PBXBuildFile; fileRef = 0A9937711D66CA3800451749 /* HeroRide.atlas */; };
		0A9937741D66CD0700451749 /* HeroRideRight.atlas in Resources */ = {isa = PBXBuildFile; fileRef = 0A9937731D66CD0700451749 /* HeroRideRight.atlas */; };
		0A9937761D66D2CA00451749 /* HeroRideLeft.atlas in Resources */ = {isa = PBXBuildFile; fileRef = 0A9937751D66D2CA00451749 /* HeroRideLeft.atlas */; };
		0A99377F1D66DAEC00451749 /* Weapon.m in Sources */ = {isa = PBXBuildFile; fileRef = 0A99377E1D66DAEC00451749 /* Weapon.m */; };
		0A99378B1D66E24800451749 /* WeaponKnifeRide.atlas in Resources */ = {isa = PBXBuildFile; fileRef = 0A9937881D66E24800451749 /* WeaponKnifeRide.atlas */; };
		0A99378C1D66E24800451749 /* WeaponKnifeRideLeft.atlas in Resources */ = {isa = PBXBuildFile; fileRef = 0A9937891D66E24800451749 /* WeaponKnifeRideLeft.atlas */; };
		0A99378D1D66E24800451749 /* WeaponKnifeRideRight.atlas in Resources */ = {isa = PBXBuildFile; fileRef = 0A99378A1D66E24800451749 /* WeaponKnifeRideRight.atlas */; };
/* End PBXBuildFile section */

/* Begin PBXFileReference section */
		0A0375321D629A57002059D8 /* MyGameTesting2.app */ = {isa = PBXFileReference; explicitFileType = wrapper.application; includeInIndex = 0; path = MyGameTesting2.app; sourceTree = BUILT_PRODUCTS_DIR; };
		0A0375361D629A58002059D8 /* main.m */ = {isa = PBXFileReference; lastKnownFileType = sourcecode.c.objc; path = main.m; sourceTree = "<group>"; };
		0A0375381D629A58002059D8 /* AppDelegate.h */ = {isa = PBXFileReference; lastKnownFileType = sourcecode.c.h; path = AppDelegate.h; sourceTree = "<group>"; };
		0A0375391D629A58002059D8 /* AppDelegate.m */ = {isa = PBXFileReference; lastKnownFileType = sourcecode.c.objc; path = AppDelegate.m; sourceTree = "<group>"; };
		0A03753B1D629A58002059D8 /* GameScene.h */ = {isa = PBXFileReference; lastKnownFileType = sourcecode.c.h; path = GameScene.h; sourceTree = "<group>"; };
		0A03753C1D629A58002059D8 /* GameScene.m */ = {isa = PBXFileReference; lastKnownFileType = sourcecode.c.objc; path = GameScene.m; sourceTree = "<group>"; };
		0A03753E1D629A58002059D8 /* GameScene.sks */ = {isa = PBXFileReference; lastKnownFileType = file.sks; path = GameScene.sks; sourceTree = "<group>"; };
		0A0375401D629A58002059D8 /* GameViewController.h */ = {isa = PBXFileReference; lastKnownFileType = sourcecode.c.h; path = GameViewController.h; sourceTree = "<group>"; };
		0A0375411D629A58002059D8 /* GameViewController.m */ = {isa = PBXFileReference; lastKnownFileType = sourcecode.c.objc; path = GameViewController.m; sourceTree = "<group>"; };
		0A0375441D629A58002059D8 /* Base */ = {isa = PBXFileReference; lastKnownFileType = file.storyboard; name = Base; path = Base.lproj/Main.storyboard; sourceTree = "<group>"; };
		0A0375461D629A58002059D8 /* Assets.xcassets */ = {isa = PBXFileReference; lastKnownFileType = folder.assetcatalog; path = Assets.xcassets; sourceTree = "<group>"; };
		0A0375491D629A58002059D8 /* Base */ = {isa = PBXFileReference; lastKnownFileType = file.storyboard; name = Base; path = Base.lproj/LaunchScreen.storyboard; sourceTree = "<group>"; };
		0A03754B1D629A58002059D8 /* Info.plist */ = {isa = PBXFileReference; lastKnownFileType = text.plist.xml; path = Info.plist; sourceTree = "<group>"; };
		0A9937291D64FA4A00451749 /* Gallop.atlas */ = {isa = PBXFileReference; lastKnownFileType = folder.skatlas; path = Gallop.atlas; sourceTree = "<group>"; };
		0A9937311D6520A500451749 /* GallopShadow.atlas */ = {isa = PBXFileReference; lastKnownFileType = folder.skatlas; path = GallopShadow.atlas; sourceTree = "<group>"; };
		0A9937451D6525E400451749 /* BasicAnimatedNode.h */ = {isa = PBXFileReference; fileEncoding = 4; lastKnownFileType = sourcecode.c.h; name = BasicAnimatedNode.h; path = ../BasicAnimatedNode.h; sourceTree = "<group>"; };
		0A9937461D6525E400451749 /* BasicAnimatedNode.m */ = {isa = PBXFileReference; fileEncoding = 4; lastKnownFileType = sourcecode.c.objc; name = BasicAnimatedNode.m; path = ../BasicAnimatedNode.m; sourceTree = "<group>"; };
		0A9937491D65264D00451749 /* Horse.h */ = {isa = PBXFileReference; fileEncoding = 4; lastKnownFileType = sourcecode.c.h; path = Horse.h; sourceTree = "<group>"; };
		0A99374A1D65264D00451749 /* Horse.m */ = {isa = PBXFileReference; fileEncoding = 4; lastKnownFileType = sourcecode.c.objc; path = Horse.m; sourceTree = "<group>"; };
		0A99374C1D65265A00451749 /* Human.h */ = {isa = PBXFileReference; fileEncoding = 4; lastKnownFileType = sourcecode.c.h; path = Human.h; sourceTree = "<group>"; };
		0A99374D1D65265A00451749 /* Human.m */ = {isa = PBXFileReference; fileEncoding = 4; lastKnownFileType = sourcecode.c.objc; path = Human.m; sourceTree = "<group>"; };
		0A99374F1D65266300451749 /* Shadow.h */ = {isa = PBXFileReference; fileEncoding = 4; lastKnownFileType = sourcecode.c.h; path = Shadow.h; sourceTree = "<group>"; };
		0A9937501D65266300451749 /* Shadow.m */ = {isa = PBXFileReference; fileEncoding = 4; lastKnownFileType = sourcecode.c.objc; path = Shadow.m; sourceTree = "<group>"; };
		0A9937521D65268200451749 /* Unit.h */ = {isa = PBXFileReference; fileEncoding = 4; lastKnownFileType = sourcecode.c.h; path = Unit.h; sourceTree = "<group>"; };
		0A9937531D65268200451749 /* Unit.m */ = {isa = PBXFileReference; fileEncoding = 4; lastKnownFileType = sourcecode.c.objc; path = Unit.m; sourceTree = "<group>"; };
		0A9937551D65271100451749 /* MountedHero.h */ = {isa = PBXFileReference; fileEncoding = 4; lastKnownFileType = sourcecode.c.h; path = MountedHero.h; sourceTree = "<group>"; };
		0A9937561D65271100451749 /* MountedHero.m */ = {isa = PBXFileReference; fileEncoding = 4; lastKnownFileType = sourcecode.c.objc; path = MountedHero.m; sourceTree = "<group>"; };
		0A9937581D653CAD00451749 /* UnitAnimator.h */ = {isa = PBXFileReference; fileEncoding = 4; lastKnownFileType = sourcecode.c.h; path = UnitAnimator.h; sourceTree = "<group>"; };
		0A9937591D653CAD00451749 /* UnitAnimator.m */ = {isa = PBXFileReference; fileEncoding = 4; lastKnownFileType = sourcecode.c.objc; path = UnitAnimator.m; sourceTree = "<group>"; };
		0A99375C1D65681100451749 /* Blank.png */ = {isa = PBXFileReference; lastKnownFileType = image.png; path = Blank.png; sourceTree = "<group>"; };
		0A9937601D657F4300451749 /* GallopLeft.atlas */ = {isa = PBXFileReference; lastKnownFileType = folder.skatlas; path = GallopLeft.atlas; sourceTree = "<group>"; };
		0A9937641D65811B00451749 /* GallopRight.atlas */ = {isa = PBXFileReference; lastKnownFileType = folder.skatlas; path = GallopRight.atlas; sourceTree = "<group>"; };
		0A9937661D658FC400451749 /* UnitInitializer.h */ = {isa = PBXFileReference; fileEncoding = 4; lastKnownFileType = sourcecode.c.h; path = UnitInitializer.h; sourceTree = "<group>"; };
		0A9937671D658FC400451749 /* UnitInitializer.m */ = {isa = PBXFileReference; fileEncoding = 4; lastKnownFileType = sourcecode.c.objc; path = UnitInitializer.m; sourceTree = "<group>"; };
		0A99376A1D65954400451749 /* LaneView.h */ = {isa = PBXFileReference; fileEncoding = 4; lastKnownFileType = sourcecode.c.h; path = LaneView.h; sourceTree = "<group>"; };
		0A99376B1D65954400451749 /* LaneView.m */ = {isa = PBXFileReference; fileEncoding = 4; lastKnownFileType = sourcecode.c.objc; path = LaneView.m; sourceTree = "<group>"; };
		0A9937711D66CA3800451749 /* HeroRide.atlas */ = {isa = PBXFileReference; lastKnownFileType = folder.skatlas; path = HeroRide.atlas; sourceTree = "<group>"; };
		0A9937731D66CD0700451749 /* HeroRideRight.atlas */ = {isa = PBXFileReference; lastKnownFileType = folder.skatlas; path = HeroRideRight.atlas; sourceTree = "<group>"; };
		0A9937751D66D2CA00451749 /* HeroRideLeft.atlas */ = {isa = PBXFileReference; lastKnownFileType = folder.skatlas; path = HeroRideLeft.atlas; sourceTree = "<group>"; };
		0A99377D1D66DAEC00451749 /* Weapon.h */ = {isa = PBXFileReference; fileEncoding = 4; lastKnownFileType = sourcecode.c.h; path = Weapon.h; sourceTree = "<group>"; };
		0A99377E1D66DAEC00451749 /* Weapon.m */ = {isa = PBXFileReference; fileEncoding = 4; lastKnownFileType = sourcecode.c.objc; path = Weapon.m; sourceTree = "<group>"; };
		0A9937881D66E24800451749 /* WeaponKnifeRide.atlas */ = {isa = PBXFileReference; lastKnownFileType = folder.skatlas; path = WeaponKnifeRide.atlas; sourceTree = "<group>"; };
		0A9937891D66E24800451749 /* WeaponKnifeRideLeft.atlas */ = {isa = PBXFileReference; lastKnownFileType = folder.skatlas; path = WeaponKnifeRideLeft.atlas; sourceTree = "<group>"; };
		0A99378A1D66E24800451749 /* WeaponKnifeRideRight.atlas */ = {isa = PBXFileReference; lastKnownFileType = folder.skatlas; path = WeaponKnifeRideRight.atlas; sourceTree = "<group>"; };
/* End PBXFileReference section */

/* Begin PBXFrameworksBuildPhase section */
		0A03752F1D629A57002059D8 /* Frameworks */ = {
			isa = PBXFrameworksBuildPhase;
			buildActionMask = 2147483647;
			files = (
			);
			runOnlyForDeploymentPostprocessing = 0;
		};
/* End PBXFrameworksBuildPhase section */

/* Begin PBXGroup section */
		0A0375291D629A57002059D8 = {
			isa = PBXGroup;
			children = (
				0A0375341D629A58002059D8 /* MyGameTesting2 */,
				0A9937691D6594CB00451749 /* FuckingShit */,
				0A0375331D629A57002059D8 /* Products */,
			);
			sourceTree = "<group>";
		};
		0A0375331D629A57002059D8 /* Products */ = {
			isa = PBXGroup;
			children = (
				0A0375321D629A57002059D8 /* MyGameTesting2.app */,
			);
			name = Products;
			sourceTree = "<group>";
		};
		0A0375341D629A58002059D8 /* MyGameTesting2 */ = {
			isa = PBXGroup;
			children = (
				0A99375B1D6549FC00451749 /* Assets */,
				0A9937481D65262300451749 /* SKSpriteNodes */,
				0A99376A1D65954400451749 /* LaneView.h */,
				0A99376B1D65954400451749 /* LaneView.m */,
				0A03753B1D629A58002059D8 /* GameScene.h */,
				0A03753C1D629A58002059D8 /* GameScene.m */,
				0A0375401D629A58002059D8 /* GameViewController.h */,
				0A0375411D629A58002059D8 /* GameViewController.m */,
				0A0375461D629A58002059D8 /* Assets.xcassets */,
				0A03754B1D629A58002059D8 /* Info.plist */,
				0A0375351D629A58002059D8 /* Supporting Files */,
			);
			path = MyGameTesting2;
			sourceTree = "<group>";
		};
		0A0375351D629A58002059D8 /* Supporting Files */ = {
			isa = PBXGroup;
			children = (
				0A0375381D629A58002059D8 /* AppDelegate.h */,
				0A0375391D629A58002059D8 /* AppDelegate.m */,
				0A9937581D653CAD00451749 /* UnitAnimator.h */,
				0A9937591D653CAD00451749 /* UnitAnimator.m */,
				0A9937661D658FC400451749 /* UnitInitializer.h */,
				0A9937671D658FC400451749 /* UnitInitializer.m */,
				0A0375361D629A58002059D8 /* main.m */,
			);
			name = "Supporting Files";
			sourceTree = "<group>";
		};
		0A9937481D65262300451749 /* SKSpriteNodes */ = {
			isa = PBXGroup;
			children = (
				0A9937451D6525E400451749 /* BasicAnimatedNode.h */,
				0A9937461D6525E400451749 /* BasicAnimatedNode.m */,
				0A9937491D65264D00451749 /* Horse.h */,
				0A99374A1D65264D00451749 /* Horse.m */,
				0A99374C1D65265A00451749 /* Human.h */,
				0A99374D1D65265A00451749 /* Human.m */,
				0A99374F1D65266300451749 /* Shadow.h */,
				0A9937501D65266300451749 /* Shadow.m */,
				0A9937551D65271100451749 /* MountedHero.h */,
				0A9937561D65271100451749 /* MountedHero.m */,
				0A9937521D65268200451749 /* Unit.h */,
				0A9937531D65268200451749 /* Unit.m */,
				0A99377D1D66DAEC00451749 /* Weapon.h */,
				0A99377E1D66DAEC00451749 /* Weapon.m */,
			);
			name = SKSpriteNodes;
			sourceTree = "<group>";
		};
		0A99375B1D6549FC00451749 /* Assets */ = {
			isa = PBXGroup;
			children = (
				0A9937881D66E24800451749 /* WeaponKnifeRide.atlas */,
				0A9937891D66E24800451749 /* WeaponKnifeRideLeft.atlas */,
				0A99378A1D66E24800451749 /* WeaponKnifeRideRight.atlas */,
				0A9937751D66D2CA00451749 /* HeroRideLeft.atlas */,
				0A9937731D66CD0700451749 /* HeroRideRight.atlas */,
				0A9937711D66CA3800451749 /* HeroRide.atlas */,
				0A9937641D65811B00451749 /* GallopRight.atlas */,
				0A9937601D657F4300451749 /* GallopLeft.atlas */,
				0A9937311D6520A500451749 /* GallopShadow.atlas */,
				0A9937291D64FA4A00451749 /* Gallop.atlas */,
				0A99375C1D65681100451749 /* Blank.png */,
			);
			name = Assets;
			sourceTree = "<group>";
		};
		0A9937691D6594CB00451749 /* FuckingShit */ = {
			isa = PBXGroup;
			children = (
				0A03753E1D629A58002059D8 /* GameScene.sks */,
				0A0375481D629A58002059D8 /* LaunchScreen.storyboard */,
				0A0375431D629A58002059D8 /* Main.storyboard */,
			);
			name = FuckingShit;
			path = MyGameTesting2;
			sourceTree = "<group>";
		};
/* End PBXGroup section */

/* Begin PBXNativeTarget section */
		0A0375311D629A57002059D8 /* MyGameTesting2 */ = {
			isa = PBXNativeTarget;
			buildConfigurationList = 0A03754E1D629A58002059D8 /* Build configuration list for PBXNativeTarget "MyGameTesting2" */;
			buildPhases = (
				0A03752E1D629A57002059D8 /* Sources */,
				0A03752F1D629A57002059D8 /* Frameworks */,
				0A0375301D629A57002059D8 /* Resources */,
			);
			buildRules = (
			);
			dependencies = (
			);
			name = MyGameTesting2;
			productName = MyGameTesting2;
			productReference = 0A0375321D629A57002059D8 /* MyGameTesting2.app */;
			productType = "com.apple.product-type.application";
		};
/* End PBXNativeTarget section */

/* Begin PBXProject section */
		0A03752A1D629A57002059D8 /* Project object */ = {
			isa = PBXProject;
			attributes = {
				LastUpgradeCheck = 0730;
				ORGANIZATIONNAME = "Li Pan";
				TargetAttributes = {
					0A0375311D629A57002059D8 = {
						CreatedOnToolsVersion = 7.3.1;
						DevelopmentTeam = XFH2U5A8P5;
					};
				};
			};
			buildConfigurationList = 0A03752D1D629A57002059D8 /* Build configuration list for PBXProject "MyGameTesting2" */;
			compatibilityVersion = "Xcode 3.2";
			developmentRegion = English;
			hasScannedForEncodings = 0;
			knownRegions = (
				en,
				Base,
			);
			mainGroup = 0A0375291D629A57002059D8;
			productRefGroup = 0A0375331D629A57002059D8 /* Products */;
			projectDirPath = "";
			projectRoot = "";
			targets = (
				0A0375311D629A57002059D8 /* MyGameTesting2 */,
			);
		};
/* End PBXProject section */

/* Begin PBXResourcesBuildPhase section */
		0A0375301D629A57002059D8 /* Resources */ = {
			isa = PBXResourcesBuildPhase;
			buildActionMask = 2147483647;
			files = (
				0A9937741D66CD0700451749 /* HeroRideRight.atlas in Resources */,
				0A9937321D6520A500451749 /* GallopShadow.atlas in Resources */,
				0A9937721D66CA3800451749 /* HeroRide.atlas in Resources */,
				0A99375D1D65681100451749 /* Blank.png in Resources */,
				0A9937651D65811B00451749 /* GallopRight.atlas in Resources */,
				0A03753F1D629A58002059D8 /* GameScene.sks in Resources */,
				0A99378B1D66E24800451749 /* WeaponKnifeRide.atlas in Resources */,
				0A03754A1D629A58002059D8 /* LaunchScreen.storyboard in Resources */,
				0A99378C1D66E24800451749 /* WeaponKnifeRideLeft.atlas in Resources */,
				0A99378D1D66E24800451749 /* WeaponKnifeRideRight.atlas in Resources */,
				0A0375471D629A58002059D8 /* Assets.xcassets in Resources */,
				0A9937611D657F4300451749 /* GallopLeft.atlas in Resources */,
				0A0375451D629A58002059D8 /* Main.storyboard in Resources */,
				0A9937761D66D2CA00451749 /* HeroRideLeft.atlas in Resources */,
				0A99372A1D64FA4A00451749 /* Gallop.atlas in Resources */,
			);
			runOnlyForDeploymentPostprocessing = 0;
		};
/* End PBXResourcesBuildPhase section */

/* Begin PBXSourcesBuildPhase section */
		0A03752E1D629A57002059D8 /* Sources */ = {
			isa = PBXSourcesBuildPhase;
			buildActionMask = 2147483647;
			files = (
				0A9937541D65268200451749 /* Unit.m in Sources */,
				0A99374E1D65265A00451749 /* Human.m in Sources */,
				0A9937511D65266300451749 /* Shadow.m in Sources */,
				0A99375A1D653CAD00451749 /* UnitAnimator.m in Sources */,
				0A9937681D658FC400451749 /* UnitInitializer.m in Sources */,
				0A0375421D629A58002059D8 /* GameViewController.m in Sources */,
				0A9937471D6525E400451749 /* BasicAnimatedNode.m in Sources */,
				0A99377F1D66DAEC00451749 /* Weapon.m in Sources */,
				0A9937571D65271100451749 /* MountedHero.m in Sources */,
				0A03753A1D629A58002059D8 /* AppDelegate.m in Sources */,
				0A99376C1D65954400451749 /* LaneView.m in Sources */,
				0A99374B1D65264D00451749 /* Horse.m in Sources */,
				0A03753D1D629A58002059D8 /* GameScene.m in Sources */,
				0A0375371D629A58002059D8 /* main.m in Sources */,
			);
			runOnlyForDeploymentPostprocessing = 0;
		};
/* End PBXSourcesBuildPhase section */

/* Begin PBXVariantGroup section */
		0A0375431D629A58002059D8 /* Main.storyboard */ = {
			isa = PBXVariantGroup;
			children = (
				0A0375441D629A58002059D8 /* Base */,
			);
			name = Main.storyboard;
			sourceTree = "<group>";
		};
		0A0375481D629A58002059D8 /* LaunchScreen.storyboard */ = {
			isa = PBXVariantGroup;
			children = (
				0A0375491D629A58002059D8 /* Base */,
			);
			name = LaunchScreen.storyboard;
			sourceTree = "<group>";
		};
/* End PBXVariantGroup section */

/* Begin XCBuildConfiguration section */
		0A03754C1D629A58002059D8 /* Debug */ = {
			isa = XCBuildConfiguration;
			buildSettings = {
				ALWAYS_SEARCH_USER_PATHS = NO;
				CLANG_ANALYZER_NONNULL = YES;
				CLANG_CXX_LANGUAGE_STANDARD = "gnu++0x";
				CLANG_CXX_LIBRARY = "libc++";
				CLANG_ENABLE_MODULES = YES;
				CLANG_ENABLE_OBJC_ARC = YES;
				CLANG_WARN_BOOL_CONVERSION = YES;
				CLANG_WARN_CONSTANT_CONVERSION = YES;
				CLANG_WARN_DIRECT_OBJC_ISA_USAGE = YES_ERROR;
				CLANG_WARN_EMPTY_BODY = YES;
				CLANG_WARN_ENUM_CONVERSION = YES;
				CLANG_WARN_INT_CONVERSION = YES;
				CLANG_WARN_OBJC_ROOT_CLASS = YES_ERROR;
				CLANG_WARN_UNREACHABLE_CODE = YES;
				CLANG_WARN__DUPLICATE_METHOD_MATCH = YES;
				"CODE_SIGN_IDENTITY[sdk=iphoneos*]" = "iPhone Developer";
				COPY_PHASE_STRIP = NO;
				DEBUG_INFORMATION_FORMAT = "dwarf-with-dsym";
				ENABLE_STRICT_OBJC_MSGSEND = YES;
				ENABLE_TESTABILITY = YES;
				GCC_C_LANGUAGE_STANDARD = gnu99;
				GCC_DYNAMIC_NO_PIC = NO;
				GCC_NO_COMMON_BLOCKS = YES;
				GCC_OPTIMIZATION_LEVEL = 0;
				GCC_PREPROCESSOR_DEFINITIONS = (
					"DEBUG=1",
					"$(inherited)",
				);
				GCC_WARN_64_TO_32_BIT_CONVERSION = YES;
				GCC_WARN_ABOUT_RETURN_TYPE = YES_ERROR;
				GCC_WARN_UNDECLARED_SELECTOR = YES;
				GCC_WARN_UNINITIALIZED_AUTOS = YES_AGGRESSIVE;
				GCC_WARN_UNUSED_FUNCTION = YES;
				GCC_WARN_UNUSED_VARIABLE = YES;
				IPHONEOS_DEPLOYMENT_TARGET = 9.3;
				MTL_ENABLE_DEBUG_INFO = YES;
				ONLY_ACTIVE_ARCH = YES;
				SDKROOT = iphoneos;
				TARGETED_DEVICE_FAMILY = "1,2";
			};
			name = Debug;
		};
		0A03754D1D629A58002059D8 /* Release */ = {
			isa = XCBuildConfiguration;
			buildSettings = {
				ALWAYS_SEARCH_USER_PATHS = NO;
				CLANG_ANALYZER_NONNULL = YES;
				CLANG_CXX_LANGUAGE_STANDARD = "gnu++0x";
				CLANG_CXX_LIBRARY = "libc++";
				CLANG_ENABLE_MODULES = YES;
				CLANG_ENABLE_OBJC_ARC = YES;
				CLANG_WARN_BOOL_CONVERSION = YES;
				CLANG_WARN_CONSTANT_CONVERSION = YES;
				CLANG_WARN_DIRECT_OBJC_ISA_USAGE = YES_ERROR;
				CLANG_WARN_EMPTY_BODY = YES;
				CLANG_WARN_ENUM_CONVERSION = YES;
				CLANG_WARN_INT_CONVERSION = YES;
				CLANG_WARN_OBJC_ROOT_CLASS = YES_ERROR;
				CLANG_WARN_UNREACHABLE_CODE = YES;
				CLANG_WARN__DUPLICATE_METHOD_MATCH = YES;
				"CODE_SIGN_IDENTITY[sdk=iphoneos*]" = "iPhone Developer";
				COPY_PHASE_STRIP = NO;
				DEBUG_INFORMATION_FORMAT = "dwarf-with-dsym";
				ENABLE_NS_ASSERTIONS = NO;
				ENABLE_STRICT_OBJC_MSGSEND = YES;
				GCC_C_LANGUAGE_STANDARD = gnu99;
				GCC_NO_COMMON_BLOCKS = YES;
				GCC_WARN_64_TO_32_BIT_CONVERSION = YES;
				GCC_WARN_ABOUT_RETURN_TYPE = YES_ERROR;
				GCC_WARN_UNDECLARED_SELECTOR = YES;
				GCC_WARN_UNINITIALIZED_AUTOS = YES_AGGRESSIVE;
				GCC_WARN_UNUSED_FUNCTION = YES;
				GCC_WARN_UNUSED_VARIABLE = YES;
				IPHONEOS_DEPLOYMENT_TARGET = 9.3;
				MTL_ENABLE_DEBUG_INFO = NO;
				SDKROOT = iphoneos;
				TARGETED_DEVICE_FAMILY = "1,2";
				VALIDATE_PRODUCT = YES;
			};
			name = Release;
		};
		0A03754F1D629A58002059D8 /* Debug */ = {
			isa = XCBuildConfiguration;
			buildSettings = {
				ASSETCATALOG_COMPILER_APPICON_NAME = AppIcon;
				INFOPLIST_FILE = MyGameTesting2/Info.plist;
				LD_RUNPATH_SEARCH_PATHS = "$(inherited) @executable_path/Frameworks";
				PRODUCT_BUNDLE_IDENTIFIER = "Li-Pan.MyGameTesting2";
				PRODUCT_NAME = "$(TARGET_NAME)";
			};
			name = Debug;
		};
		0A0375501D629A58002059D8 /* Release */ = {
			isa = XCBuildConfiguration;
			buildSettings = {
				ASSETCATALOG_COMPILER_APPICON_NAME = AppIcon;
				INFOPLIST_FILE = MyGameTesting2/Info.plist;
				LD_RUNPATH_SEARCH_PATHS = "$(inherited) @executable_path/Frameworks";
				PRODUCT_BUNDLE_IDENTIFIER = "Li-Pan.MyGameTesting2";
				PRODUCT_NAME = "$(TARGET_NAME)";
			};
			name = Release;
		};
/* End XCBuildConfiguration section */

/* Begin XCConfigurationList section */
		0A03752D1D629A57002059D8 /* Build configuration list for PBXProject "MyGameTesting2" */ = {
			isa = XCConfigurationList;
			buildConfigurations = (
				0A03754C1D629A58002059D8 /* Debug */,
				0A03754D1D629A58002059D8 /* Release */,
			);
			defaultConfigurationIsVisible = 0;
			defaultConfigurationName = Release;
		};
		0A03754E1D629A58002059D8 /* Build configuration list for PBXNativeTarget "MyGameTesting2" */ = {
			isa = XCConfigurationList;
			buildConfigurations = (
				0A03754F1D629A58002059D8 /* Debug */,
				0A0375501D629A58002059D8 /* Release */,
			);
			defaultConfigurationIsVisible = 0;
			defaultConfigurationName = Release;
		};
/* End XCConfigurationList section */
	};
	rootObject = 0A03752A1D629A57002059D8 /* Project object */;
}
